
Microsoft Visual Studio Solution File, Format Version 12.00
# Visual Studio Version 16
VisualStudioVersion = 16.0.31005.135
MinimumVisualStudioVersion = 10.0.40219.1
Project("{FAE04EC0-301F-11D3-BF4B-00C04F79EFBC}") = "Construtores_This_Sobrecarga_Encapsulamento", "Construtores_This_Sobrecarga_Encapsulamento\Construtores_This_Sobrecarga_Encapsulamento.csproj", "{7E92B4EF-B04C-49D7-97EE-64A5626B92F6}"
EndProject
Global
	GlobalSection(SolutionConfigurationPlatforms) = preSolution
		Debug|Any CPU = Debug|Any CPU
		Release|Any CPU = Release|Any CPU
	EndGlobalSection
	GlobalSection(ProjectConfigurationPlatforms) = postSolution
		{7E92B4EF-B04C-49D7-97EE-64A5626B92F6}.Debug|Any CPU.ActiveCfg = Debug|Any CPU
		{7E92B4EF-B04C-49D7-97EE-64A5626B92F6}.Debug|Any CPU.Build.0 = Debug|Any CPU
		{7E92B4EF-B04C-49D7-97EE-64A5626B92F6}.Release|Any CPU.ActiveCfg = Release|Any CPU
		{7E92B4EF-B04C-49D7-97EE-64A5626B92F6}.Release|Any CPU.Build.0 = Release|Any CPU
	EndGlobalSection
	GlobalSection(SolutionProperties) = preSolution
		HideSolutionNode = FALSE
	EndGlobalSection
	GlobalSection(ExtensibilityGlobals) = postSolution
		SolutionGuid = {26B6ADF8-A523-4688-A2A2-1F726F132D1E}
	EndGlobalSection
EndGlobal
